
Microsoft Visual Studio Solution File, Format Version 12.00
# Visual Studio Version 16
VisualStudioVersion = 16.0.31112.23
MinimumVisualStudioVersion = 10.0.40219.1
Project("{FAE04EC0-301F-11D3-BF4B-00C04F79EFBC}") = "PasswordCracker", "PasswordCracker.csproj", "{E4E5BA29-7DB0-45D6-859E-37A5225CC81C}"
EndProject
Global
	GlobalSection(SolutionConfigurationPlatforms) = preSolution
		Debug|Any CPU = Debug|Any CPU
		Release|Any CPU = Release|Any CPU
	EndGlobalSection
	GlobalSection(ProjectConfigurationPlatforms) = postSolution
		{E4E5BA29-7DB0-45D6-859E-37A5225CC81C}.Debug|Any CPU.ActiveCfg = Debug|Any CPU
		{E4E5BA29-7DB0-45D6-859E-37A5225CC81C}.Debug|Any CPU.Build.0 = Debug|Any CPU
		{E4E5BA29-7DB0-45D6-859E-37A5225CC81C}.Release|Any CPU.ActiveCfg = Release|Any CPU
		{E4E5BA29-7DB0-45D6-859E-37A5225CC81C}.Release|Any CPU.Build.0 = Release|Any CPU
	EndGlobalSection
	GlobalSection(SolutionProperties) = preSolution
		HideSolutionNode = FALSE
	EndGlobalSection
	GlobalSection(ExtensibilityGlobals) = postSolution
		SolutionGuid = {D3FAB2EB-224D-4EB5-8FF1-BD064DA61BEF}
	EndGlobalSection
EndGlobal
